
Microsoft Visual Studio Solution File, Format Version 12.00
# Visual Studio 2017
Project("{FAE04EC0-301F-11D3-BF4B-00C04F79EFBC}") = "Mind Palace", "Mind Palace.csproj", "{B5AA32E8-5064-CB57-9C9F-513F2B222F70}"
EndProject
Project("{FAE04EC0-301F-11D3-BF4B-00C04F79EFBC}") = "Mind Palace.Plugins", "Mind Palace.Plugins.csproj", "{D620B6DC-00D0-EED3-B49B-02F4E2451D1E}"
EndProject
Project("{FAE04EC0-301F-11D3-BF4B-00C04F79EFBC}") = "Mind Palace.Editor", "Mind Palace.Editor.csproj", "{66742766-5140-AD9D-5A76-1A0F8F7F30A1}"
EndProject
Project("{FAE04EC0-301F-11D3-BF4B-00C04F79EFBC}") = "Mind Palace.Editor.Plugins", "Mind Palace.Editor.Plugins.csproj", "{FF112BC7-4B3B-9112-E229-6D2E4E09CBBB}"
EndProject
Global
	GlobalSection(SolutionConfigurationPlatforms) = preSolution
		Debug|Any CPU = Debug|Any CPU
		Release|Any CPU = Release|Any CPU
	EndGlobalSection
	GlobalSection(ProjectConfigurationPlatforms) = postSolution
		{B5AA32E8-5064-CB57-9C9F-513F2B222F70}.Debug|Any CPU.ActiveCfg = Debug|Any CPU
		{B5AA32E8-5064-CB57-9C9F-513F2B222F70}.Debug|Any CPU.Build.0 = Debug|Any CPU
		{B5AA32E8-5064-CB57-9C9F-513F2B222F70}.Release|Any CPU.ActiveCfg = Release|Any CPU
		{B5AA32E8-5064-CB57-9C9F-513F2B222F70}.Release|Any CPU.Build.0 = Release|Any CPU
		{D620B6DC-00D0-EED3-B49B-02F4E2451D1E}.Debug|Any CPU.ActiveCfg = Debug|Any CPU
		{D620B6DC-00D0-EED3-B49B-02F4E2451D1E}.Debug|Any CPU.Build.0 = Debug|Any CPU
		{D620B6DC-00D0-EED3-B49B-02F4E2451D1E}.Release|Any CPU.ActiveCfg = Release|Any CPU
		{D620B6DC-00D0-EED3-B49B-02F4E2451D1E}.Release|Any CPU.Build.0 = Release|Any CPU
		{66742766-5140-AD9D-5A76-1A0F8F7F30A1}.Debug|Any CPU.ActiveCfg = Debug|Any CPU
		{66742766-5140-AD9D-5A76-1A0F8F7F30A1}.Debug|Any CPU.Build.0 = Debug|Any CPU
		{66742766-5140-AD9D-5A76-1A0F8F7F30A1}.Release|Any CPU.ActiveCfg = Release|Any CPU
		{66742766-5140-AD9D-5A76-1A0F8F7F30A1}.Release|Any CPU.Build.0 = Release|Any CPU
		{FF112BC7-4B3B-9112-E229-6D2E4E09CBBB}.Debug|Any CPU.ActiveCfg = Debug|Any CPU
		{FF112BC7-4B3B-9112-E229-6D2E4E09CBBB}.Debug|Any CPU.Build.0 = Debug|Any CPU
		{FF112BC7-4B3B-9112-E229-6D2E4E09CBBB}.Release|Any CPU.ActiveCfg = Release|Any CPU
		{FF112BC7-4B3B-9112-E229-6D2E4E09CBBB}.Release|Any CPU.Build.0 = Release|Any CPU
	EndGlobalSection
	GlobalSection(SolutionProperties) = preSolution
		HideSolutionNode = FALSE
	EndGlobalSection
EndGlobal
